
Microsoft Visual Studio Solution File, Format Version 12.00
# Visual Studio Version 16
VisualStudioVersion = 16.0.29503.13
MinimumVisualStudioVersion = 10.0.40219.1
Project("{FAE04EC0-301F-11D3-BF4B-00C04F79EFBC}") = "App_Trabajo", "App_Trabajo\App_Trabajo.csproj", "{318F3C16-2E4A-468B-A59E-1700EFBAA239}"
EndProject
Global
	GlobalSection(SolutionConfigurationPlatforms) = preSolution
		Debug|Any CPU = Debug|Any CPU
		Release|Any CPU = Release|Any CPU
	EndGlobalSection
	GlobalSection(ProjectConfigurationPlatforms) = postSolution
		{318F3C16-2E4A-468B-A59E-1700EFBAA239}.Debug|Any CPU.ActiveCfg = Debug|Any CPU
		{318F3C16-2E4A-468B-A59E-1700EFBAA239}.Debug|Any CPU.Build.0 = Debug|Any CPU
		{318F3C16-2E4A-468B-A59E-1700EFBAA239}.Release|Any CPU.ActiveCfg = Release|Any CPU
		{318F3C16-2E4A-468B-A59E-1700EFBAA239}.Release|Any CPU.Build.0 = Release|Any CPU
	EndGlobalSection
	GlobalSection(SolutionProperties) = preSolution
		HideSolutionNode = FALSE
	EndGlobalSection
	GlobalSection(ExtensibilityGlobals) = postSolution
		SolutionGuid = {763E7590-4481-4D59-BA93-0BEDB2CFAF8A}
	EndGlobalSection
EndGlobal
